// !$*UTF8*$!
{
	archiveVersion = 1;
	classes = {
	};
	objectVersion = 48;
	objects = {

/* Begin PBXBuildFile section */
		399E090E87801517C8CA0410 /* Pods_Weather.framework in Frameworks */ = {isa = PBXBuildFile; fileRef = 40ABDFA9B467A2A4EB1A4B7D /* Pods_Weather.framework */; };
		B667A4BA1F952C0D004AC4B3 /* WeatherService.swift in Sources */ = {isa = PBXBuildFile; fileRef = B667A4B91F952C0D004AC4B3 /* WeatherService.swift */; };
		B667A4BC1F956CAF004AC4B3 /* CurrentWeather.swift in Sources */ = {isa = PBXBuildFile; fileRef = B667A4BB1F956CAF004AC4B3 /* CurrentWeather.swift */; };
		B667A4BE1F958BB7004AC4B3 /* Forecast.swift in Sources */ = {isa = PBXBuildFile; fileRef = B667A4BD1F958BB7004AC4B3 /* Forecast.swift */; };
		B667A4C11F958EC1004AC4B3 /* NSDate.swift in Sources */ = {isa = PBXBuildFile; fileRef = B667A4C01F958EC1004AC4B3 /* NSDate.swift */; };
		B69801BF1F96750C00C0A779 /* Location.swift in Sources */ = {isa = PBXBuildFile; fileRef = B69801BE1F96750C00C0A779 /* Location.swift */; };
		B69CCFCE1F959AEC00D70CC0 /* NSButton.swift in Sources */ = {isa = PBXBuildFile; fileRef = B69CCFCD1F959AEC00D70CC0 /* NSButton.swift */; };
		B6B493BF1F9428C800C45B2C /* AppDelegate.swift in Sources */ = {isa = PBXBuildFile; fileRef = B6B493BE1F9428C800C45B2C /* AppDelegate.swift */; };
		B6B493C11F9428C800C45B2C /* WeatherVC.swift in Sources */ = {isa = PBXBuildFile; fileRef = B6B493C01F9428C800C45B2C /* WeatherVC.swift */; };
		B6B493C31F9428C800C45B2C /* Assets.xcassets in Resources */ = {isa = PBXBuildFile; fileRef = B6B493C21F9428C800C45B2C /* Assets.xcassets */; };
		B6B493C61F9428C800C45B2C /* Main.storyboard in Resources */ = {isa = PBXBuildFile; fileRef = B6B493C41F9428C800C45B2C /* Main.storyboard */; };
		B6CC4F111F951C4F0001FE7E /* WeatherCell.xib in Resources */ = {isa = PBXBuildFile; fileRef = B6CC4F101F951C4F0001FE7E /* WeatherCell.xib */; };
		B6CC4F131F951DA10001FE7E /* WeatherCell.swift in Sources */ = {isa = PBXBuildFile; fileRef = B6CC4F121F951DA10001FE7E /* WeatherCell.swift */; };
		B6CC4F161F9528490001FE7E /* Constants.swift in Sources */ = {isa = PBXBuildFile; fileRef = B6CC4F151F9528490001FE7E /* Constants.swift */; };
/* End PBXBuildFile section */

/* Begin PBXFileReference section */
		125109F2253EAF887C4A93BD /* Pods-Weather.release.xcconfig */ = {isa = PBXFileReference; includeInIndex = 1; lastKnownFileType = text.xcconfig; name = "Pods-Weather.release.xcconfig"; path = "Pods/Target Support Files/Pods-Weather/Pods-Weather.release.xcconfig"; sourceTree = "<group>"; };
		40ABDFA9B467A2A4EB1A4B7D /* Pods_Weather.framework */ = {isa = PBXFileReference; explicitFileType = wrapper.framework; includeInIndex = 0; path = Pods_Weather.framework; sourceTree = BUILT_PRODUCTS_DIR; };
		707812D3053CFA7AF967C10F /* Pods-Weather.debug.xcconfig */ = {isa = PBXFileReference; includeInIndex = 1; lastKnownFileType = text.xcconfig; name = "Pods-Weather.debug.xcconfig"; path = "Pods/Target Support Files/Pods-Weather/Pods-Weather.debug.xcconfig"; sourceTree = "<group>"; };
		B667A4B91F952C0D004AC4B3 /* WeatherService.swift */ = {isa = PBXFileReference; lastKnownFileType = sourcecode.swift; path = WeatherService.swift; sourceTree = "<group>"; };
		B667A4BB1F956CAF004AC4B3 /* CurrentWeather.swift */ = {isa = PBXFileReference; lastKnownFileType = sourcecode.swift; path = CurrentWeather.swift; sourceTree = "<group>"; };
		B667A4BD1F958BB7004AC4B3 /* Forecast.swift */ = {isa = PBXFileReference; lastKnownFileType = sourcecode.swift; path = Forecast.swift; sourceTree = "<group>"; };
		B667A4C01F958EC1004AC4B3 /* NSDate.swift */ = {isa = PBXFileReference; lastKnownFileType = sourcecode.swift; path = NSDate.swift; sourceTree = "<group>"; };
		B69801BE1F96750C00C0A779 /* Location.swift */ = {isa = PBXFileReference; lastKnownFileType = sourcecode.swift; path = Location.swift; sourceTree = "<group>"; };
		B69CCFCD1F959AEC00D70CC0 /* NSButton.swift */ = {isa = PBXFileReference; lastKnownFileType = sourcecode.swift; path = NSButton.swift; sourceTree = "<group>"; };
		B6B493BB1F9428C800C45B2C /* Weather.app */ = {isa = PBXFileReference; explicitFileType = wrapper.application; includeInIndex = 0; path = Weather.app; sourceTree = BUILT_PRODUCTS_DIR; };
		B6B493BE1F9428C800C45B2C /* AppDelegate.swift */ = {isa = PBXFileReference; lastKnownFileType = sourcecode.swift; path = AppDelegate.swift; sourceTree = "<group>"; };
		B6B493C01F9428C800C45B2C /* WeatherVC.swift */ = {isa = PBXFileReference; lastKnownFileType = sourcecode.swift; path = WeatherVC.swift; sourceTree = "<group>"; };
		B6B493C21F9428C800C45B2C /* Assets.xcassets */ = {isa = PBXFileReference; lastKnownFileType = folder.assetcatalog; path = Assets.xcassets; sourceTree = "<group>"; };
		B6B493C51F9428C800C45B2C /* Base */ = {isa = PBXFileReference; lastKnownFileType = file.storyboard; name = Base; path = Base.lproj/Main.storyboard; sourceTree = "<group>"; };
		B6B493C71F9428C800C45B2C /* Info.plist */ = {isa = PBXFileReference; lastKnownFileType = text.plist.xml; path = Info.plist; sourceTree = "<group>"; };
		B6B493C81F9428C800C45B2C /* Weather.entitlements */ = {isa = PBXFileReference; lastKnownFileType = text.plist.entitlements; path = Weather.entitlements; sourceTree = "<group>"; };
		B6CC4F101F951C4F0001FE7E /* WeatherCell.xib */ = {isa = PBXFileReference; lastKnownFileType = file.xib; path = WeatherCell.xib; sourceTree = "<group>"; };
		B6CC4F121F951DA10001FE7E /* WeatherCell.swift */ = {isa = PBXFileReference; lastKnownFileType = sourcecode.swift; path = WeatherCell.swift; sourceTree = "<group>"; };
		B6CC4F151F9528490001FE7E /* Constants.swift */ = {isa = PBXFileReference; lastKnownFileType = sourcecode.swift; path = Constants.swift; sourceTree = "<group>"; };
/* End PBXFileReference section */

/* Begin PBXFrameworksBuildPhase section */
		B6B493B81F9428C800C45B2C /* Frameworks */ = {
			isa = PBXFrameworksBuildPhase;
			buildActionMask = 2147483647;
			files = (
				399E090E87801517C8CA0410 /* Pods_Weather.framework in Frameworks */,
			);
			runOnlyForDeploymentPostprocessing = 0;
		};
/* End PBXFrameworksBuildPhase section */

/* Begin PBXGroup section */
		0C68FFB0545EC2DF5B92CD52 /* Pods */ = {
			isa = PBXGroup;
			children = (
				707812D3053CFA7AF967C10F /* Pods-Weather.debug.xcconfig */,
				125109F2253EAF887C4A93BD /* Pods-Weather.release.xcconfig */,
			);
			name = Pods;
			sourceTree = "<group>";
		};
		648BCD25C0DB4AEC04E7AE4D /* Frameworks */ = {
			isa = PBXGroup;
			children = (
				40ABDFA9B467A2A4EB1A4B7D /* Pods_Weather.framework */,
			);
			name = Frameworks;
			sourceTree = "<group>";
		};
		B667A4B81F952BFE004AC4B3 /* Services */ = {
			isa = PBXGroup;
			children = (
				B667A4B91F952C0D004AC4B3 /* WeatherService.swift */,
			);
			path = Services;
			sourceTree = "<group>";
		};
		B667A4BF1F958EAA004AC4B3 /* Extensions */ = {
			isa = PBXGroup;
			children = (
				B667A4C01F958EC1004AC4B3 /* NSDate.swift */,
				B69CCFCD1F959AEC00D70CC0 /* NSButton.swift */,
			);
			path = Extensions;
			sourceTree = "<group>";
		};
		B6B493B21F9428C800C45B2C = {
			isa = PBXGroup;
			children = (
				B6B493BD1F9428C800C45B2C /* Weather */,
				B6B493BC1F9428C800C45B2C /* Products */,
				0C68FFB0545EC2DF5B92CD52 /* Pods */,
				648BCD25C0DB4AEC04E7AE4D /* Frameworks */,
			);
			sourceTree = "<group>";
		};
		B6B493BC1F9428C800C45B2C /* Products */ = {
			isa = PBXGroup;
			children = (
				B6B493BB1F9428C800C45B2C /* Weather.app */,
			);
			name = Products;
			sourceTree = "<group>";
		};
		B6B493BD1F9428C800C45B2C /* Weather */ = {
			isa = PBXGroup;
			children = (
				B6CC4F0E1F951B4C0001FE7E /* Model */,
				B6CC4F0D1F951B480001FE7E /* View */,
				B6CC4F0C1F951B3F0001FE7E /* Controller */,
				B667A4BF1F958EAA004AC4B3 /* Extensions */,
				B667A4B81F952BFE004AC4B3 /* Services */,
				B6CC4F141F9528380001FE7E /* Utilities */,
				B6CC4F0F1F951B600001FE7E /* XIBs */,
				B6B493BE1F9428C800C45B2C /* AppDelegate.swift */,
				B6B493C21F9428C800C45B2C /* Assets.xcassets */,
				B6B493C41F9428C800C45B2C /* Main.storyboard */,
				B6B493C71F9428C800C45B2C /* Info.plist */,
				B6B493C81F9428C800C45B2C /* Weather.entitlements */,
			);
			path = Weather;
			sourceTree = "<group>";
		};
		B6CC4F0C1F951B3F0001FE7E /* Controller */ = {
			isa = PBXGroup;
			children = (
				B6B493C01F9428C800C45B2C /* WeatherVC.swift */,
			);
			path = Controller;
			sourceTree = "<group>";
		};
		B6CC4F0D1F951B480001FE7E /* View */ = {
			isa = PBXGroup;
			children = (
				B6CC4F121F951DA10001FE7E /* WeatherCell.swift */,
			);
			path = View;
			sourceTree = "<group>";
		};
		B6CC4F0E1F951B4C0001FE7E /* Model */ = {
			isa = PBXGroup;
			children = (
				B667A4BB1F956CAF004AC4B3 /* CurrentWeather.swift */,
				B667A4BD1F958BB7004AC4B3 /* Forecast.swift */,
				B69801BE1F96750C00C0A779 /* Location.swift */,
			);
			path = Model;
			sourceTree = "<group>";
		};
		B6CC4F0F1F951B600001FE7E /* XIBs */ = {
			isa = PBXGroup;
			children = (
				B6CC4F101F951C4F0001FE7E /* WeatherCell.xib */,
			);
			path = XIBs;
			sourceTree = "<group>";
		};
		B6CC4F141F9528380001FE7E /* Utilities */ = {
			isa = PBXGroup;
			children = (
				B6CC4F151F9528490001FE7E /* Constants.swift */,
			);
			path = Utilities;
			sourceTree = "<group>";
		};
/* End PBXGroup section */

/* Begin PBXNativeTarget section */
		B6B493BA1F9428C800C45B2C /* Weather */ = {
			isa = PBXNativeTarget;
			buildConfigurationList = B6B493CB1F9428C800C45B2C /* Build configuration list for PBXNativeTarget "Weather" */;
			buildPhases = (
				B0B1CA4153D146A5B6A85626 /* [CP] Check Pods Manifest.lock */,
				B6B493B71F9428C800C45B2C /* Sources */,
				B6B493B81F9428C800C45B2C /* Frameworks */,
				B6B493B91F9428C800C45B2C /* Resources */,
				FB51302D7B6397C430A0B164 /* [CP] Embed Pods Frameworks */,
				96592CBAAD1099DB8EC1ECDD /* [CP] Copy Pods Resources */,
			);
			buildRules = (
			);
			dependencies = (
			);
			name = Weather;
			productName = Weather;
			productReference = B6B493BB1F9428C800C45B2C /* Weather.app */;
			productType = "com.apple.product-type.application";
		};
/* End PBXNativeTarget section */

/* Begin PBXProject section */
		B6B493B31F9428C800C45B2C /* Project object */ = {
			isa = PBXProject;
			attributes = {
				LastSwiftUpdateCheck = 0900;
				LastUpgradeCheck = 0900;
				TargetAttributes = {
					B6B493BA1F9428C800C45B2C = {
						CreatedOnToolsVersion = 9.0;
						ProvisioningStyle = Automatic;
					};
				};
			};
			buildConfigurationList = B6B493B61F9428C800C45B2C /* Build configuration list for PBXProject "Weather" */;
			compatibilityVersion = "Xcode 8.0";
			developmentRegion = en;
			hasScannedForEncodings = 0;
			knownRegions = (
				en,
				Base,
			);
			mainGroup = B6B493B21F9428C800C45B2C;
			productRefGroup = B6B493BC1F9428C800C45B2C /* Products */;
			projectDirPath = "";
			projectRoot = "";
			targets = (
				B6B493BA1F9428C800C45B2C /* Weather */,
			);
		};
/* End PBXProject section */

/* Begin PBXResourcesBuildPhase section */
		B6B493B91F9428C800C45B2C /* Resources */ = {
			isa = PBXResourcesBuildPhase;
			buildActionMask = 2147483647;
			files = (
				B6B493C31F9428C800C45B2C /* Assets.xcassets in Resources */,
				B6B493C61F9428C800C45B2C /* Main.storyboard in Resources */,
				B6CC4F111F951C4F0001FE7E /* WeatherCell.xib in Resources */,
			);
			runOnlyForDeploymentPostprocessing = 0;
		};
/* End PBXResourcesBuildPhase section */

/* Begin PBXShellScriptBuildPhase section */
		96592CBAAD1099DB8EC1ECDD /* [CP] Copy Pods Resources */ = {
			isa = PBXShellScriptBuildPhase;
			buildActionMask = 2147483647;
			files = (
			);
			inputPaths = (
			);
			name = "[CP] Copy Pods Resources";
			outputPaths = (
			);
			runOnlyForDeploymentPostprocessing = 0;
			shellPath = /bin/sh;
			shellScript = "\"${SRCROOT}/Pods/Target Support Files/Pods-Weather/Pods-Weather-resources.sh\"\n";
			showEnvVarsInLog = 0;
		};
		B0B1CA4153D146A5B6A85626 /* [CP] Check Pods Manifest.lock */ = {
			isa = PBXShellScriptBuildPhase;
			buildActionMask = 2147483647;
			files = (
			);
			inputPaths = (
			);
			name = "[CP] Check Pods Manifest.lock";
			outputPaths = (
			);
			runOnlyForDeploymentPostprocessing = 0;
			shellPath = /bin/sh;
			shellScript = "diff \"${PODS_ROOT}/../Podfile.lock\" \"${PODS_ROOT}/Manifest.lock\" > /dev/null\nif [ $? != 0 ] ; then\n    # print error to STDERR\n    echo \"error: The sandbox is not in sync with the Podfile.lock. Run 'pod install' or update your CocoaPods installation.\" >&2\n    exit 1\nfi\n";
			showEnvVarsInLog = 0;
		};
		FB51302D7B6397C430A0B164 /* [CP] Embed Pods Frameworks */ = {
			isa = PBXShellScriptBuildPhase;
			buildActionMask = 2147483647;
			files = (
			);
			inputPaths = (
			);
			name = "[CP] Embed Pods Frameworks";
			outputPaths = (
			);
			runOnlyForDeploymentPostprocessing = 0;
			shellPath = /bin/sh;
			shellScript = "\"${SRCROOT}/Pods/Target Support Files/Pods-Weather/Pods-Weather-frameworks.sh\"\n";
			showEnvVarsInLog = 0;
		};
/* End PBXShellScriptBuildPhase section */

/* Begin PBXSourcesBuildPhase section */
		B6B493B71F9428C800C45B2C /* Sources */ = {
			isa = PBXSourcesBuildPhase;
			buildActionMask = 2147483647;
			files = (
				B667A4BA1F952C0D004AC4B3 /* WeatherService.swift in Sources */,
				B6B493C11F9428C800C45B2C /* WeatherVC.swift in Sources */,
				B69801BF1F96750C00C0A779 /* Location.swift in Sources */,
				B667A4BE1F958BB7004AC4B3 /* Forecast.swift in Sources */,
				B6B493BF1F9428C800C45B2C /* AppDelegate.swift in Sources */,
				B6CC4F131F951DA10001FE7E /* WeatherCell.swift in Sources */,
				B667A4BC1F956CAF004AC4B3 /* CurrentWeather.swift in Sources */,
				B667A4C11F958EC1004AC4B3 /* NSDate.swift in Sources */,
				B69CCFCE1F959AEC00D70CC0 /* NSButton.swift in Sources */,
				B6CC4F161F9528490001FE7E /* Constants.swift in Sources */,
			);
			runOnlyForDeploymentPostprocessing = 0;
		};
/* End PBXSourcesBuildPhase section */

/* Begin PBXVariantGroup section */
		B6B493C41F9428C800C45B2C /* Main.storyboard */ = {
			isa = PBXVariantGroup;
			children = (
				B6B493C51F9428C800C45B2C /* Base */,
			);
			name = Main.storyboard;
			sourceTree = "<group>";
		};
/* End PBXVariantGroup section */

/* Begin XCBuildConfiguration section */
		B6B493C91F9428C800C45B2C /* Debug */ = {
			isa = XCBuildConfiguration;
			buildSettings = {
				ALWAYS_SEARCH_USER_PATHS = NO;
				CLANG_ANALYZER_NONNULL = YES;
				CLANG_ANALYZER_NUMBER_OBJECT_CONVERSION = YES_AGGRESSIVE;
				CLANG_CXX_LANGUAGE_STANDARD = "gnu++14";
				CLANG_CXX_LIBRARY = "libc++";
				CLANG_ENABLE_MODULES = YES;
				CLANG_ENABLE_OBJC_ARC = YES;
				CLANG_WARN_BLOCK_CAPTURE_AUTORELEASING = YES;
				CLANG_WARN_BOOL_CONVERSION = YES;
				CLANG_WARN_COMMA = YES;
				CLANG_WARN_CONSTANT_CONVERSION = YES;
				CLANG_WARN_DIRECT_OBJC_ISA_USAGE = YES_ERROR;
				CLANG_WARN_DOCUMENTATION_COMMENTS = YES;
				CLANG_WARN_EMPTY_BODY = YES;
				CLANG_WARN_ENUM_CONVERSION = YES;
				CLANG_WARN_INFINITE_RECURSION = YES;
				CLANG_WARN_INT_CONVERSION = YES;
				CLANG_WARN_NON_LITERAL_NULL_CONVERSION = YES;
				CLANG_WARN_OBJC_LITERAL_CONVERSION = YES;
				CLANG_WARN_OBJC_ROOT_CLASS = YES_ERROR;
				CLANG_WARN_RANGE_LOOP_ANALYSIS = YES;
				CLANG_WARN_STRICT_PROTOTYPES = YES;
				CLANG_WARN_SUSPICIOUS_MOVE = YES;
				CLANG_WARN_UNGUARDED_AVAILABILITY = YES_AGGRESSIVE;
				CLANG_WARN_UNREACHABLE_CODE = YES;
				CLANG_WARN__DUPLICATE_METHOD_MATCH = YES;
				CODE_SIGN_IDENTITY = "-";
				COPY_PHASE_STRIP = NO;
				DEBUG_INFORMATION_FORMAT = dwarf;
				ENABLE_STRICT_OBJC_MSGSEND = YES;
				ENABLE_TESTABILITY = YES;
				GCC_C_LANGUAGE_STANDARD = gnu11;
				GCC_DYNAMIC_NO_PIC = NO;
				GCC_NO_COMMON_BLOCKS = YES;
				GCC_OPTIMIZATION_LEVEL = 0;
				GCC_PREPROCESSOR_DEFINITIONS = (
					"DEBUG=1",
					"$(inherited)",
				);
				GCC_WARN_64_TO_32_BIT_CONVERSION = YES;
				GCC_WARN_ABOUT_RETURN_TYPE = YES_ERROR;
				GCC_WARN_UNDECLARED_SELECTOR = YES;
				GCC_WARN_UNINITIALIZED_AUTOS = YES_AGGRESSIVE;
				GCC_WARN_UNUSED_FUNCTION = YES;
				GCC_WARN_UNUSED_VARIABLE = YES;
				MACOSX_DEPLOYMENT_TARGET = 10.12;
				MTL_ENABLE_DEBUG_INFO = YES;
				ONLY_ACTIVE_ARCH = YES;
				SDKROOT = macosx;
				SWIFT_ACTIVE_COMPILATION_CONDITIONS = DEBUG;
				SWIFT_OPTIMIZATION_LEVEL = "-Onone";
			};
			name = Debug;
		};
		B6B493CA1F9428C800C45B2C /* Release */ = {
			isa = XCBuildConfiguration;
			buildSettings = {
				ALWAYS_SEARCH_USER_PATHS = NO;
				CLANG_ANALYZER_NONNULL = YES;
				CLANG_ANALYZER_NUMBER_OBJECT_CONVERSION = YES_AGGRESSIVE;
				CLANG_CXX_LANGUAGE_STANDARD = "gnu++14";
				CLANG_CXX_LIBRARY = "libc++";
				CLANG_ENABLE_MODULES = YES;
				CLANG_ENABLE_OBJC_ARC = YES;
				CLANG_WARN_BLOCK_CAPTURE_AUTORELEASING = YES;
				CLANG_WARN_BOOL_CONVERSION = YES;
				CLANG_WARN_COMMA = YES;
				CLANG_WARN_CONSTANT_CONVERSION = YES;
				CLANG_WARN_DIRECT_OBJC_ISA_USAGE = YES_ERROR;
				CLANG_WARN_DOCUMENTATION_COMMENTS = YES;
				CLANG_WARN_EMPTY_BODY = YES;
				CLANG_WARN_ENUM_CONVERSION = YES;
				CLANG_WARN_INFINITE_RECURSION = YES;
				CLANG_WARN_INT_CONVERSION = YES;
				CLANG_WARN_NON_LITERAL_NULL_CONVERSION = YES;
				CLANG_WARN_OBJC_LITERAL_CONVERSION = YES;
				CLANG_WARN_OBJC_ROOT_CLASS = YES_ERROR;
				CLANG_WARN_RANGE_LOOP_ANALYSIS = YES;
				CLANG_WARN_STRICT_PROTOTYPES = YES;
				CLANG_WARN_SUSPICIOUS_MOVE = YES;
				CLANG_WARN_UNGUARDED_AVAILABILITY = YES_AGGRESSIVE;
				CLANG_WARN_UNREACHABLE_CODE = YES;
				CLANG_WARN__DUPLICATE_METHOD_MATCH = YES;
				CODE_SIGN_IDENTITY = "-";
				COPY_PHASE_STRIP = NO;
				DEBUG_INFORMATION_FORMAT = "dwarf-with-dsym";
				ENABLE_NS_ASSERTIONS = NO;
				ENABLE_STRICT_OBJC_MSGSEND = YES;
				GCC_C_LANGUAGE_STANDARD = gnu11;
				GCC_NO_COMMON_BLOCKS = YES;
				GCC_WARN_64_TO_32_BIT_CONVERSION = YES;
				GCC_WARN_ABOUT_RETURN_TYPE = YES_ERROR;
				GCC_WARN_UNDECLARED_SELECTOR = YES;
				GCC_WARN_UNINITIALIZED_AUTOS = YES_AGGRESSIVE;
				GCC_WARN_UNUSED_FUNCTION = YES;
				GCC_WARN_UNUSED_VARIABLE = YES;
				MACOSX_DEPLOYMENT_TARGET = 10.12;
				MTL_ENABLE_DEBUG_INFO = NO;
				SDKROOT = macosx;
				SWIFT_OPTIMIZATION_LEVEL = "-Owholemodule";
			};
			name = Release;
		};
		B6B493CC1F9428C800C45B2C /* Debug */ = {
			isa = XCBuildConfiguration;
			baseConfigurationReference = 707812D3053CFA7AF967C10F /* Pods-Weather.debug.xcconfig */;
			buildSettings = {
				ASSETCATALOG_COMPILER_APPICON_NAME = AppIcon;
				CODE_SIGN_ENTITLEMENTS = Weather/Weather.entitlements;
				CODE_SIGN_STYLE = Automatic;
				COMBINE_HIDPI_IMAGES = YES;
				INFOPLIST_FILE = Weather/Info.plist;
				LD_RUNPATH_SEARCH_PATHS = "$(inherited) @executable_path/../Frameworks";
				PRODUCT_BUNDLE_IDENTIFIER = com.kentapps.Weather;
				PRODUCT_NAME = "$(TARGET_NAME)";
				SWIFT_VERSION = 4.0;
			};
			name = Debug;
		};
		B6B493CD1F9428C800C45B2C /* Release */ = {
			isa = XCBuildConfiguration;
			baseConfigurationReference = 125109F2253EAF887C4A93BD /* Pods-Weather.release.xcconfig */;
			buildSettings = {
				ASSETCATALOG_COMPILER_APPICON_NAME = AppIcon;
				CODE_SIGN_ENTITLEMENTS = Weather/Weather.entitlements;
				CODE_SIGN_STYLE = Automatic;
				COMBINE_HIDPI_IMAGES = YES;
				INFOPLIST_FILE = Weather/Info.plist;
				LD_RUNPATH_SEARCH_PATHS = "$(inherited) @executable_path/../Frameworks";
				PRODUCT_BUNDLE_IDENTIFIER = com.kentapps.Weather;
				PRODUCT_NAME = "$(TARGET_NAME)";
				SWIFT_VERSION = 4.0;
			};
			name = Release;
		};
/* End XCBuildConfiguration section */

/* Begin XCConfigurationList section */
		B6B493B61F9428C800C45B2C /* Build configuration list for PBXProject "Weather" */ = {
			isa = XCConfigurationList;
			buildConfigurations = (
				B6B493C91F9428C800C45B2C /* Debug */,
				B6B493CA1F9428C800C45B2C /* Release */,
			);
			defaultConfigurationIsVisible = 0;
			defaultConfigurationName = Release;
		};
		B6B493CB1F9428C800C45B2C /* Build configuration list for PBXNativeTarget "Weather" */ = {
			isa = XCConfigurationList;
			buildConfigurations = (
				B6B493CC1F9428C800C45B2C /* Debug */,
				B6B493CD1F9428C800C45B2C /* Release */,
			);
			defaultConfigurationIsVisible = 0;
			defaultConfigurationName = Release;
		};
/* End XCConfigurationList section */
	};
	rootObject = B6B493B31F9428C800C45B2C /* Project object */;
}
